DEPENDENCIES
  1password
  apt
  build-essential
  git

GRAPH
  1password (1.3.0)
  apt (6.0.1)
  build-essential (8.0.0)
    mingw (>= 1.1)
    seven_zip (>= 0.0.0)
  compat_resource (12.16.3)
  dmg (3.1.0)
  git (6.0.0)
    build-essential (>= 0.0.0)
    dmg (>= 0.0.0)
    yum-epel (>= 0.0.0)
  mingw (2.0.0)
    seven_zip (>= 0.0.0)
  ohai (5.0.0)
  seven_zip (2.0.2)
    windows (>= 1.2.2)
  windows (3.0.1)
    ohai (>= 4.0.0)
  yum-epel (2.1.1)
    compat_resource (>= 12.16.3)
