DEPENDENCIES
  apt
  dimod-test
    path: ../../dimod-test
  dimod-test2
    path: ../../dimod-test2
  dimod-testartifact
    path: ../../dimod-testartifact
  test
    path: .

GRAPH
  apt (5.0.0)
    compat_resource (>= 12.14.7)
  compat_resource (12.16.2)
  dimod-test (0.0.1)
    apt (>= 0.0.0)
  dimod-test2 (0.0.1)
    apt (>= 0.0.0)
  dimod-testartifact (0.0.1)
  test (0.0.1)
    apt (>= 0.0.0)
